
Microsoft Visual Studio Solution File, Format Version 12.00
# Visual Studio 15
VisualStudioVersion = 15.0.26730.16
MinimumVisualStudioVersion = 10.0.40219.1
Project("{8BC9CEB8-8B4A-11D0-8D11-00A0C91BC942}") = "LDK", "LDK.vcxproj", "{F9FEC9B2-99D1-4368-9369-6C077F74275B}"
EndProject
Global
	GlobalSection(SolutionConfigurationPlatforms) = preSolution
		Debug|Win32 = Debug|Win32
		Release|Win32 = Release|Win32
	EndGlobalSection
	GlobalSection(ProjectConfigurationPlatforms) = postSolution
		{F9FEC9B2-99D1-4368-9369-6C077F74275B}.Debug|Win32.ActiveCfg = Debug|Win32
		{F9FEC9B2-99D1-4368-9369-6C077F74275B}.Debug|Win32.Build.0 = Debug|Win32
		{F9FEC9B2-99D1-4368-9369-6C077F74275B}.Release|Win32.ActiveCfg = Release|Win32
		{F9FEC9B2-99D1-4368-9369-6C077F74275B}.Release|Win32.Build.0 = Release|Win32
	EndGlobalSection
	GlobalSection(SolutionProperties) = preSolution
		HideSolutionNode = FALSE
	EndGlobalSection
	GlobalSection(ExtensibilityGlobals) = postSolution
		SolutionGuid = {C30BF1D4-7140-4C97-9F77-ED2DE8E42934}
	EndGlobalSection
EndGlobal
